
Microsoft Visual Studio Solution File, Format Version 12.00
# Visual Studio 15
VisualStudioVersion = 15.0.28010.2003
MinimumVisualStudioVersion = 10.0.40219.1
Project("{FAE04EC0-301F-11D3-BF4B-00C04F79EFBC}") = "TestApp4Git", "TestApp4Git\TestApp4Git.csproj", "{1683DD33-FC09-409D-80D2-542974D30B25}"
EndProject
Global
	GlobalSection(SolutionConfigurationPlatforms) = preSolution
		Debug|Any CPU = Debug|Any CPU
		Release|Any CPU = Release|Any CPU
	EndGlobalSection
	GlobalSection(ProjectConfigurationPlatforms) = postSolution
		{1683DD33-FC09-409D-80D2-542974D30B25}.Debug|Any CPU.ActiveCfg = Debug|Any CPU
		{1683DD33-FC09-409D-80D2-542974D30B25}.Debug|Any CPU.Build.0 = Debug|Any CPU
		{1683DD33-FC09-409D-80D2-542974D30B25}.Release|Any CPU.ActiveCfg = Release|Any CPU
		{1683DD33-FC09-409D-80D2-542974D30B25}.Release|Any CPU.Build.0 = Release|Any CPU
	EndGlobalSection
	GlobalSection(SolutionProperties) = preSolution
		HideSolutionNode = FALSE
	EndGlobalSection
	GlobalSection(ExtensibilityGlobals) = postSolution
		SolutionGuid = {1C0631C6-229D-4AAB-8BBF-83C398D2CD95}
	EndGlobalSection
EndGlobal
